
Microsoft Visual Studio Solution File, Format Version 12.00
# Visual Studio 14
VisualStudioVersion = 14.0.25420.1
MinimumVisualStudioVersion = 10.0.40219.1
Project("{2150E333-8FDC-42A3-9474-1A3956D46DE8}") = "DataLayer", "DataLayer", "{FE23C32D-9042-4596-BD6F-8BEC3452FF7C}"
EndProject
Project("{2150E333-8FDC-42A3-9474-1A3956D46DE8}") = "ModelLayer", "ModelLayer", "{EBB97B32-D34C-4790-BC2F-CA6EDFC0B885}"
EndProject
Project("{2150E333-8FDC-42A3-9474-1A3956D46DE8}") = "BussinesLayer", "BussinesLayer", "{E1B5F69E-9EBB-4AC1-B7A7-96D3F27EBAB6}"
EndProject
Project("{2150E333-8FDC-42A3-9474-1A3956D46DE8}") = "PresentationLayer", "PresentationLayer", "{24740962-72E7-45D6-8237-1936A286EBF8}"
EndProject
Project("{FAE04EC0-301F-11D3-BF4B-00C04F79EFBC}") = "DL", "DL\DL.csproj", "{A41F4556-773D-4F25-959F-ECD32712C782}"
EndProject
Project("{FAE04EC0-301F-11D3-BF4B-00C04F79EFBC}") = "BL", "BL\BL.csproj", "{E4EA6C0F-E77E-47BE-B61E-47501A9545C9}"
EndProject
Project("{FAE04EC0-301F-11D3-BF4B-00C04F79EFBC}") = "ML", "ML\ML.csproj", "{B39CF846-E6FF-4E10-AA83-1CFCAAA59157}"
EndProject
Project("{FAE04EC0-301F-11D3-BF4B-00C04F79EFBC}") = "PL", "PL\PL.csproj", "{198E270F-4601-44CF-A8B7-B083E0594D10}"
EndProject
Project("{FAE04EC0-301F-11D3-BF4B-00C04F79EFBC}") = "PL_MVC", "PL_MVC\PL_MVC.csproj", "{E2B2B59F-C664-40EA-92CE-AE1F6FA851E1}"
EndProject
Global
	GlobalSection(SolutionConfigurationPlatforms) = preSolution
		Debug|Any CPU = Debug|Any CPU
		Release|Any CPU = Release|Any CPU
	EndGlobalSection
	GlobalSection(ProjectConfigurationPlatforms) = postSolution
		{A41F4556-773D-4F25-959F-ECD32712C782}.Debug|Any CPU.ActiveCfg = Debug|Any CPU
		{A41F4556-773D-4F25-959F-ECD32712C782}.Debug|Any CPU.Build.0 = Debug|Any CPU
		{A41F4556-773D-4F25-959F-ECD32712C782}.Release|Any CPU.ActiveCfg = Release|Any CPU
		{A41F4556-773D-4F25-959F-ECD32712C782}.Release|Any CPU.Build.0 = Release|Any CPU
		{E4EA6C0F-E77E-47BE-B61E-47501A9545C9}.Debug|Any CPU.ActiveCfg = Debug|Any CPU
		{E4EA6C0F-E77E-47BE-B61E-47501A9545C9}.Debug|Any CPU.Build.0 = Debug|Any CPU
		{E4EA6C0F-E77E-47BE-B61E-47501A9545C9}.Release|Any CPU.ActiveCfg = Release|Any CPU
		{E4EA6C0F-E77E-47BE-B61E-47501A9545C9}.Release|Any CPU.Build.0 = Release|Any CPU
		{B39CF846-E6FF-4E10-AA83-1CFCAAA59157}.Debug|Any CPU.ActiveCfg = Debug|Any CPU
		{B39CF846-E6FF-4E10-AA83-1CFCAAA59157}.Debug|Any CPU.Build.0 = Debug|Any CPU
		{B39CF846-E6FF-4E10-AA83-1CFCAAA59157}.Release|Any CPU.ActiveCfg = Release|Any CPU
		{B39CF846-E6FF-4E10-AA83-1CFCAAA59157}.Release|Any CPU.Build.0 = Release|Any CPU
		{198E270F-4601-44CF-A8B7-B083E0594D10}.Debug|Any CPU.ActiveCfg = Debug|Any CPU
		{198E270F-4601-44CF-A8B7-B083E0594D10}.Debug|Any CPU.Build.0 = Debug|Any CPU
		{198E270F-4601-44CF-A8B7-B083E0594D10}.Release|Any CPU.ActiveCfg = Release|Any CPU
		{198E270F-4601-44CF-A8B7-B083E0594D10}.Release|Any CPU.Build.0 = Release|Any CPU
		{E2B2B59F-C664-40EA-92CE-AE1F6FA851E1}.Debug|Any CPU.ActiveCfg = Debug|Any CPU
		{E2B2B59F-C664-40EA-92CE-AE1F6FA851E1}.Debug|Any CPU.Build.0 = Debug|Any CPU
		{E2B2B59F-C664-40EA-92CE-AE1F6FA851E1}.Release|Any CPU.ActiveCfg = Release|Any CPU
		{E2B2B59F-C664-40EA-92CE-AE1F6FA851E1}.Release|Any CPU.Build.0 = Release|Any CPU
	EndGlobalSection
	GlobalSection(SolutionProperties) = preSolution
		HideSolutionNode = FALSE
	EndGlobalSection
	GlobalSection(NestedProjects) = preSolution
		{A41F4556-773D-4F25-959F-ECD32712C782} = {FE23C32D-9042-4596-BD6F-8BEC3452FF7C}
		{E4EA6C0F-E77E-47BE-B61E-47501A9545C9} = {E1B5F69E-9EBB-4AC1-B7A7-96D3F27EBAB6}
		{B39CF846-E6FF-4E10-AA83-1CFCAAA59157} = {EBB97B32-D34C-4790-BC2F-CA6EDFC0B885}
		{198E270F-4601-44CF-A8B7-B083E0594D10} = {24740962-72E7-45D6-8237-1936A286EBF8}
		{E2B2B59F-C664-40EA-92CE-AE1F6FA851E1} = {24740962-72E7-45D6-8237-1936A286EBF8}
	EndGlobalSection
EndGlobal
